
Microsoft Visual Studio Solution File, Format Version 12.00
# Visual Studio 2012
Project("{8BC9CEB8-8B4A-11D0-8D11-00A0C91BC942}") = "game", "game\game.vcxproj", "{A8630B5C-796E-4D49-BF9C-CDED7F5B49EF}"
EndProject
Global
	GlobalSection(SolutionConfigurationPlatforms) = preSolution
		Debug|Win32 = Debug|Win32
		Release|Win32 = Release|Win32
	EndGlobalSection
	GlobalSection(ProjectConfigurationPlatforms) = postSolution
		{A8630B5C-796E-4D49-BF9C-CDED7F5B49EF}.Debug|Win32.ActiveCfg = Debug|Win32
		{A8630B5C-796E-4D49-BF9C-CDED7F5B49EF}.Debug|Win32.Build.0 = Debug|Win32
		{A8630B5C-796E-4D49-BF9C-CDED7F5B49EF}.Release|Win32.ActiveCfg = Release|Win32
		{A8630B5C-796E-4D49-BF9C-CDED7F5B49EF}.Release|Win32.Build.0 = Release|Win32
	EndGlobalSection
	GlobalSection(SolutionProperties) = preSolution
		HideSolutionNode = FALSE
	EndGlobalSection
EndGlobal
